{
  "name": "rontal",
  "version": "0.1.0",
  "lockfileVersion": 3,
  "requires": true,
  "packages": {
    "": {
      "name": "rontal",
      "version": "0.1.0",
      "license": "MIT",
      "dependencies": {
        "@tyravel/core": "^0.7.0",
        "@tyravel/database": "^0.7.0",
        "@tyravel/http": "^0.7.0",
        "@tyravel/support": "^0.7.0",
        "@tyravel/validation": "^0.7.0",
        "marked": "^15.0.0"
      },
      "devDependencies": {
        "@types/node": "^22.0.0",
        "typescript": "^6.0.3"
      },
      "engines": {
        "node": ">=22"
      }
    },
    "node_modules/@types/node": {
      "version": "22.20.0",
      "resolved": "https://registry.npmjs.org/@types/node/-/node-22.20.0.tgz",
      "integrity": "sha512-QWlFW2wf3nTjC13/DqRnBpR4ZO36VJH/JVBkA/vcnmbTBNQIlnObqyqZE1tUR7+Ni23Lda8R1BxMfbXRpCUx5g==",
      "dev": true,
      "license": "MIT",
      "dependencies": {
        "undici-types": "~6.21.0"
      }
    },
    "node_modules/@tyravel/auth": {
      "version": "0.7.0",
      "resolved": "https://registry.npmjs.org/@tyravel/auth/-/auth-0.7.0.tgz",
      "integrity": "sha512-6CKABuKYgpeEiGcSHcqKhSRqb/1EpCxTah4wVt9pppDf4gmXTJ+H05nVl4a8Pp3PXcI4Sv3hUfMepbUQKKN23Q==",
      "license": "MIT",
      "dependencies": {
        "@tyravel/container": "0.7.0",
        "@tyravel/database": "0.7.0",
        "@tyravel/http": "0.7.0"
      },
      "engines": {
        "node": ">=22"
      }
    },
    "node_modules/@tyravel/cache": {
      "version": "0.7.0",
      "resolved": "https://registry.npmjs.org/@tyravel/cache/-/cache-0.7.0.tgz",
      "integrity": "sha512-XeF4hovL5jRprihB4zC/gcwkR9kfiJIT+yIHA6qprn2xfRDtM9DDey8KbbPJdBQQ4UZm1mwPJGICw3IvnW4qBQ==",
      "license": "MIT",
      "dependencies": {
        "@tyravel/redis": "0.7.0"
      },
      "engines": {
        "node": ">=22"
      }
    },
    "node_modules/@tyravel/collection": {
      "version": "0.7.0",
      "resolved": "https://registry.npmjs.org/@tyravel/collection/-/collection-0.7.0.tgz",
      "integrity": "sha512-wzdpg5Q0w9WmM9m03WLo4ATvDQ/4Cwr4CugbrIx0kxGY0CiE7CT8XfLzKFMQsdRzas+gIqya8E2IMs+N6QYz+g==",
      "license": "MIT",
      "engines": {
        "node": ">=22"
      }
    },
    "node_modules/@tyravel/config": {
      "version": "0.7.0",
      "resolved": "https://registry.npmjs.org/@tyravel/config/-/config-0.7.0.tgz",
      "integrity": "sha512-xZwBFoKAxSWJ3rYZe4IZHpzyJQXZGJ5BiWILGONml4sa/814En5HkFzHVCmFHsmyvfFY0OYXelrngZY0IhJbow==",
      "license": "MIT",
      "engines": {
        "node": ">=22"
      }
    },
    "node_modules/@tyravel/container": {
      "version": "0.7.0",
      "resolved": "https://registry.npmjs.org/@tyravel/container/-/container-0.7.0.tgz",
      "integrity": "sha512-UOpVbRA5Xth/TSAwNUW9q53YDQeLMQGY3L4aH3q7ZqQZHeSQr2ZR9PkrCwLKUKuShUkqOu9qWFurXZs/9ov8Yw==",
      "license": "MIT",
      "engines": {
        "node": ">=22"
      }
    },
    "node_modules/@tyravel/core": {
      "version": "0.7.0",
      "resolved": "https://registry.npmjs.org/@tyravel/core/-/core-0.7.0.tgz",
      "integrity": "sha512-IQ9XuOSxzeHMDPfVQwiUL4pO2/9OiI2fv8DbpSsWL0LGdO2bXIQfR/ozUBzzu3PwMvDq4z9CphAp1EQCkqEZQA==",
      "license": "MIT",
      "dependencies": {
        "@tyravel/auth": "0.7.0",
        "@tyravel/cache": "0.7.0",
        "@tyravel/config": "0.7.0",
        "@tyravel/container": "0.7.0",
        "@tyravel/database": "0.7.0",
        "@tyravel/events": "0.7.0",
        "@tyravel/http": "0.7.0",
        "@tyravel/log": "0.7.0",
        "@tyravel/mail": "0.7.0",
        "@tyravel/notifications": "0.7.0",
        "@tyravel/queue": "0.7.0",
        "@tyravel/redis": "0.7.0",
        "@tyravel/storage": "0.7.0",
        "@tyravel/validation": "0.7.0",
        "@tyravel/views": "0.7.0"
      },
      "engines": {
        "node": ">=22"
      }
    },
    "node_modules/@tyravel/database": {
      "version": "0.7.0",
      "resolved": "https://registry.npmjs.org/@tyravel/database/-/database-0.7.0.tgz",
      "integrity": "sha512-trPaaq6Um8nWqUmgixvdPX4Y6D8aRMQ8BThWqYUcC9R0XpTutGvl+9Pm9XhElEa4Tbg5vVgUnzVbvEI1Wp80PA==",
      "license": "MIT",
      "dependencies": {
        "@tyravel/support": "0.7.0"
      },
      "engines": {
        "node": ">=22"
      }
    },
    "node_modules/@tyravel/events": {
      "version": "0.7.0",
      "resolved": "https://registry.npmjs.org/@tyravel/events/-/events-0.7.0.tgz",
      "integrity": "sha512-mmLFWBUAoomQ7wshmZDRqRa3mHtHdbZoQDKnCHyfB2H8WNxiHLRpTuNXWn7NlMtZJxXDPivQ87DWE9I5rUvkjw==",
      "license": "MIT",
      "dependencies": {
        "@tyravel/container": "0.7.0",
        "@tyravel/queue": "0.7.0"
      },
      "engines": {
        "node": ">=22"
      }
    },
    "node_modules/@tyravel/http": {
      "version": "0.7.0",
      "resolved": "https://registry.npmjs.org/@tyravel/http/-/http-0.7.0.tgz",
      "integrity": "sha512-BroE6ZiDu74ufodaaDmqfXlSJFHX+ZWS9xbHJQaWqJIsDh3xDFZMHqS+6/OSRIf0ZVkRHl5Rm951a8hWjGK2pg==",
      "license": "MIT",
      "engines": {
        "node": ">=22"
      }
    },
    "node_modules/@tyravel/log": {
      "version": "0.7.0",
      "resolved": "https://registry.npmjs.org/@tyravel/log/-/log-0.7.0.tgz",
      "integrity": "sha512-jpTyQ5Yh7Axop0b4EEa4EVpkc5+l6SVyvxXfgGKC9VwQ7GqEzMojoELTg/iQQIxHK4lD7sV4+tf1BlyuCI+rlA==",
      "license": "MIT",
      "engines": {
        "node": ">=22"
      }
    },
    "node_modules/@tyravel/mail": {
      "version": "0.7.0",
      "resolved": "https://registry.npmjs.org/@tyravel/mail/-/mail-0.7.0.tgz",
      "integrity": "sha512-l0/4yr1XV2u57i/4hnmON8cqV5l26c+h8/hjEkuCmJRNKSA7S+iWAAivT56fqhC1lIzgFydmeCv/ezKsav7Jjg==",
      "license": "MIT",
      "dependencies": {
        "@tyravel/queue": "0.7.0",
        "@tyravel/views": "0.7.0"
      },
      "engines": {
        "node": ">=22"
      }
    },
    "node_modules/@tyravel/notifications": {
      "version": "0.7.0",
      "resolved": "https://registry.npmjs.org/@tyravel/notifications/-/notifications-0.7.0.tgz",
      "integrity": "sha512-OOzbADCod1XKLmOYN3v5O4ia8Uquj92TjGCXKVM3ku+/toII+F3CFmNHA6caSGn2wKAbnp7KP70IdpcS92I/ZQ==",
      "license": "MIT",
      "dependencies": {
        "@tyravel/database": "0.7.0",
        "@tyravel/mail": "0.7.0",
        "@tyravel/queue": "0.7.0"
      },
      "engines": {
        "node": ">=22"
      }
    },
    "node_modules/@tyravel/queue": {
      "version": "0.7.0",
      "resolved": "https://registry.npmjs.org/@tyravel/queue/-/queue-0.7.0.tgz",
      "integrity": "sha512-ovoZZKcinojHkVQM1WmZUFdU9eCU6rSNa9qESFtBUL9DFvmPB3EE5Ldd/HLuQ6MRAKGFFUi852LIrvX7X6qrjA==",
      "license": "MIT",
      "dependencies": {
        "@tyravel/container": "0.7.0",
        "@tyravel/database": "0.7.0",
        "@tyravel/redis": "0.7.0"
      },
      "engines": {
        "node": ">=22"
      }
    },
    "node_modules/@tyravel/redis": {
      "version": "0.7.0",
      "resolved": "https://registry.npmjs.org/@tyravel/redis/-/redis-0.7.0.tgz",
      "integrity": "sha512-Uam90Jst5qng0Vm5A1UxQSph91oHiThTwhzmzNzdmW7bc3qAMlCpC+CB/70NkdfT9wf4VJz7WQryzjv827cHKg==",
      "license": "MIT",
      "engines": {
        "node": ">=22"
      }
    },
    "node_modules/@tyravel/storage": {
      "version": "0.7.0",
      "resolved": "https://registry.npmjs.org/@tyravel/storage/-/storage-0.7.0.tgz",
      "integrity": "sha512-sytIGwBKzWHbR3QUQbhLNpmjJXGmpPrrB541oJCd7H2goQSe5io//c7yg+1gjuLybpG4/55PpLEjgOQHj28eHA==",
      "license": "MIT",
      "engines": {
        "node": ">=22"
      }
    },
    "node_modules/@tyravel/support": {
      "version": "0.7.0",
      "resolved": "https://registry.npmjs.org/@tyravel/support/-/support-0.7.0.tgz",
      "integrity": "sha512-+X6WOB6AaZOOu1+1SblGkFDf2a/VsSFt1/Go0qriPNhZ174ATf68Sfcgv4asjK98595IVMHqaPqr/mij+sWb9A==",
      "license": "MIT",
      "dependencies": {
        "@tyravel/collection": "0.7.0"
      },
      "engines": {
        "node": ">=22"
      }
    },
    "node_modules/@tyravel/validation": {
      "version": "0.7.0",
      "resolved": "https://registry.npmjs.org/@tyravel/validation/-/validation-0.7.0.tgz",
      "integrity": "sha512-rUljUHFQceX0V1XkWGWyeFw2VQSlB7hbQHVJUYZNCssxBn+d2M9E95gj7jVbdsYly6gec37EnwP4OMUs7zABHA==",
      "license": "MIT",
      "dependencies": {
        "@tyravel/http": "0.7.0"
      },
      "engines": {
        "node": ">=22"
      }
    },
    "node_modules/@tyravel/views": {
      "version": "0.7.0",
      "resolved": "https://registry.npmjs.org/@tyravel/views/-/views-0.7.0.tgz",
      "integrity": "sha512-m7zaCORCppUMbgerySWRSjcTdTTeTM4JIs8QbHTs53uCXwure7c18yhABbFwN7vibUtaKH9Wywc6wNk77h0c+Q==",
      "license": "MIT",
      "engines": {
        "node": ">=22"
      }
    },
    "node_modules/marked": {
      "version": "15.0.12",
      "resolved": "https://registry.npmjs.org/marked/-/marked-15.0.12.tgz",
      "integrity": "sha512-8dD6FusOQSrpv9Z1rdNMdlSgQOIP880DHqnohobOmYLElGEqAL/JvxvuxZO16r4HtjTlfPRDC1hbvxC9dPN2nA==",
      "license": "MIT",
      "bin": {
        "marked": "bin/marked.js"
      },
      "engines": {
        "node": ">= 18"
      }
    },
    "node_modules/typescript": {
      "version": "6.0.3",
      "resolved": "https://registry.npmjs.org/typescript/-/typescript-6.0.3.tgz",
      "integrity": "sha512-y2TvuxSZPDyQakkFRPZHKFm+KKVqIisdg9/CZwm9ftvKXLP8NRWj38/ODjNbr43SsoXqNuAisEf1GdCxqWcdBw==",
      "dev": true,
      "license": "Apache-2.0",
      "bin": {
        "tsc": "bin/tsc",
        "tsserver": "bin/tsserver"
      },
      "engines": {
        "node": ">=14.17"
      }
    },
    "node_modules/undici-types": {
      "version": "6.21.0",
      "resolved": "https://registry.npmjs.org/undici-types/-/undici-types-6.21.0.tgz",
      "integrity": "sha512-iwDZqg0QAGrg9Rav5H4n0M64c3mkR59cJ6wQp+7C4nI0gsmExaedaYLNO44eT4AtBBwjbTiGPMlt2Md0T9H9JQ==",
      "dev": true,
      "license": "MIT"
    }
  }
}
