{
  "name": "rontal",
  "version": "0.1.0",
  "lockfileVersion": 3,
  "requires": true,
  "packages": {
    "": {
      "name": "rontal",
      "version": "0.1.0",
      "license": "MIT",
      "dependencies": {
        "@pondoknusa/core": "^3.0.0",
        "@pondoknusa/database": "^3.0.0",
        "@pondoknusa/http": "^3.0.0",
        "@pondoknusa/support": "^3.0.0",
        "@pondoknusa/validation": "^3.0.0",
        "marked": "^15.0.0"
      },
      "devDependencies": {
        "@types/node": "^26.0.1",
        "typescript": "^6.0.3"
      },
      "engines": {
        "node": ">=26"
      }
    },
    "node_modules/@pondoknusa/auth": {
      "version": "3.0.0",
      "resolved": "https://registry.npmjs.org/@pondoknusa/auth/-/auth-3.0.0.tgz",
      "integrity": "sha512-AHydzbLiAUpy0HzlhR2i2fdGeoC0yShSzVoUL0YJPNZtaiTSXMEqbj/fFFAblSkwHHPOCz9erSaCiiMQcNRRBA==",
      "license": "MIT",
      "dependencies": {
        "@pondoknusa/container": "3.0.0",
        "@pondoknusa/crypto": "3.0.0",
        "@pondoknusa/database": "3.0.0",
        "@pondoknusa/http": "3.0.0",
        "@pondoknusa/redis": "3.0.0"
      },
      "engines": {
        "node": ">=26"
      }
    },
    "node_modules/@pondoknusa/broadcasting": {
      "version": "3.0.0",
      "resolved": "https://registry.npmjs.org/@pondoknusa/broadcasting/-/broadcasting-3.0.0.tgz",
      "integrity": "sha512-szGiVzoJ7qcUivw4KinJmdd/XxbQFHO7gHl66hTV6tPsNdTEo/X+a+AlB2pr0rmLFjQhv+TVR6ZmAcPzmEDrbw==",
      "license": "MIT",
      "dependencies": {
        "@pondoknusa/container": "3.0.0",
        "@pondoknusa/events": "3.0.0",
        "@pondoknusa/queue": "3.0.0"
      },
      "engines": {
        "node": ">=26"
      }
    },
    "node_modules/@pondoknusa/cache": {
      "version": "3.0.0",
      "resolved": "https://registry.npmjs.org/@pondoknusa/cache/-/cache-3.0.0.tgz",
      "integrity": "sha512-oGmRXvkleeDcr3Yy5zPOf0u8OLLCasAa2VyR2o+n37iDv1jAoklsS54VpWfaZKgbMLWw5xdXaDOsThRljMCeXA==",
      "license": "MIT",
      "dependencies": {
        "@pondoknusa/redis": "3.0.0"
      },
      "engines": {
        "node": ">=26"
      }
    },
    "node_modules/@pondoknusa/collection": {
      "version": "3.0.0",
      "resolved": "https://registry.npmjs.org/@pondoknusa/collection/-/collection-3.0.0.tgz",
      "integrity": "sha512-FbvIcLZh1Eh7iVegcwjBNP/Wo6Q2mHX9n0tJoYQRtphYGQB3uLakb5nU4Oi0J98sICl3FxhhEkJtWp0a2RYsMA==",
      "license": "MIT",
      "engines": {
        "node": ">=26"
      }
    },
    "node_modules/@pondoknusa/config": {
      "version": "3.0.0",
      "resolved": "https://registry.npmjs.org/@pondoknusa/config/-/config-3.0.0.tgz",
      "integrity": "sha512-md3J/zPgtZxdm0RjohCr629Y1NCPTmNbk5w9twoHauT2EfMYt5FcXJwkCzY8EBTG422vjk9a3GJxVzTnNO1UhA==",
      "license": "MIT",
      "engines": {
        "node": ">=26"
      }
    },
    "node_modules/@pondoknusa/container": {
      "version": "3.0.0",
      "resolved": "https://registry.npmjs.org/@pondoknusa/container/-/container-3.0.0.tgz",
      "integrity": "sha512-7rnux5Oh20DJsngBcKe95rHIrp7c4/YrAASWYhr1yQLKMqh5il6d8w9RWfaoO2maacTQUKF/8NKc/1K3oJHgcQ==",
      "license": "MIT",
      "engines": {
        "node": ">=26"
      }
    },
    "node_modules/@pondoknusa/core": {
      "version": "3.0.0",
      "resolved": "https://registry.npmjs.org/@pondoknusa/core/-/core-3.0.0.tgz",
      "integrity": "sha512-9DUWmwxjp7Ch6gF21RjC2tDZcModM4lsvTTU02lYlnMltpXEJbNLROwO8XDLXCgguRldJk/swM2XlyXkn/yajA==",
      "license": "MIT",
      "dependencies": {
        "@pondoknusa/auth": "3.0.0",
        "@pondoknusa/broadcasting": "3.0.0",
        "@pondoknusa/cache": "3.0.0",
        "@pondoknusa/config": "3.0.0",
        "@pondoknusa/container": "3.0.0",
        "@pondoknusa/crypto": "3.0.0",
        "@pondoknusa/database": "3.0.0",
        "@pondoknusa/events": "3.0.0",
        "@pondoknusa/http": "3.0.0",
        "@pondoknusa/locale": "3.0.0",
        "@pondoknusa/log": "3.0.0",
        "@pondoknusa/mail": "3.0.0",
        "@pondoknusa/notifications": "3.0.0",
        "@pondoknusa/queue": "3.0.0",
        "@pondoknusa/redis": "3.0.0",
        "@pondoknusa/storage": "3.0.0",
        "@pondoknusa/validation": "3.0.0",
        "@pondoknusa/views": "3.0.0"
      },
      "engines": {
        "node": ">=26"
      }
    },
    "node_modules/@pondoknusa/crypto": {
      "version": "3.0.0",
      "resolved": "https://registry.npmjs.org/@pondoknusa/crypto/-/crypto-3.0.0.tgz",
      "integrity": "sha512-0UuYHGuAM60Ih8PpnZ1oJBuQRmRiDMBcFIIbAVSiGsjyf5lIi/0YnQ59Tz7CTcyMOKsn3yWO6zYwO8GyigStjg==",
      "license": "MIT",
      "engines": {
        "node": ">=26"
      }
    },
    "node_modules/@pondoknusa/database": {
      "version": "3.0.0",
      "resolved": "https://registry.npmjs.org/@pondoknusa/database/-/database-3.0.0.tgz",
      "integrity": "sha512-WcOpOyBhwez8ecLH8UKeGYCSi6ef1lXqcfzkqk1wWmExUmOkeDkx90k4Dvq8lo9PJZJE5h/4F5i6VACfzMZO/w==",
      "license": "MIT",
      "dependencies": {
        "@pondoknusa/support": "3.0.0"
      },
      "engines": {
        "node": ">=26"
      }
    },
    "node_modules/@pondoknusa/events": {
      "version": "3.0.0",
      "resolved": "https://registry.npmjs.org/@pondoknusa/events/-/events-3.0.0.tgz",
      "integrity": "sha512-95gtUakKnsN6HYyQs8plLk6NsZhbR69R27ree3EtfcMwYzsz6fO6wKsJ4Fn6ssdETCfUb3/n5v5vGhT8Ui1z0g==",
      "license": "MIT",
      "dependencies": {
        "@pondoknusa/container": "3.0.0",
        "@pondoknusa/queue": "3.0.0"
      },
      "engines": {
        "node": ">=26"
      }
    },
    "node_modules/@pondoknusa/http": {
      "version": "3.0.0",
      "resolved": "https://registry.npmjs.org/@pondoknusa/http/-/http-3.0.0.tgz",
      "integrity": "sha512-uuOz3GrUIBJXK6EJG0Pj8l0AkRgi66lXhdpC2P7DB/6F0pzUu7HouNQYGLQUnMBnAhnIMqce0f+ra/vTFUUCGg==",
      "license": "MIT",
      "engines": {
        "node": ">=26"
      }
    },
    "node_modules/@pondoknusa/locale": {
      "version": "3.0.0",
      "resolved": "https://registry.npmjs.org/@pondoknusa/locale/-/locale-3.0.0.tgz",
      "integrity": "sha512-dUQWQyJrF9g4nkTbvyqDnN+o9a/0kXT20DyiE+4FU9aE2XUkDthY8rhOf8BJUkyafQXbjy0u9dECH2xkpAfMfg==",
      "license": "MIT",
      "dependencies": {
        "@pondoknusa/http": "3.0.0"
      },
      "engines": {
        "node": ">=26"
      }
    },
    "node_modules/@pondoknusa/log": {
      "version": "3.0.0",
      "resolved": "https://registry.npmjs.org/@pondoknusa/log/-/log-3.0.0.tgz",
      "integrity": "sha512-fcLQfSt1EhlXZMgcNBYttKGDvxA4fwnpMaKUpfDVupjXppCpwdGpng+sv/YaNwn6Vs/CoQ66YkhCa7hBsBgwZA==",
      "license": "MIT",
      "dependencies": {
        "@pondoknusa/support": "3.0.0"
      },
      "engines": {
        "node": ">=26"
      }
    },
    "node_modules/@pondoknusa/mail": {
      "version": "3.0.0",
      "resolved": "https://registry.npmjs.org/@pondoknusa/mail/-/mail-3.0.0.tgz",
      "integrity": "sha512-N0D4zTexmNCXxIbKdcoQVJXi+bJw2YpciAXYmEFuWmOBN6MITZDdy6GeDR5wqhVEt9evV1+re4l2U83O6hxvNQ==",
      "license": "MIT",
      "dependencies": {
        "@pondoknusa/queue": "3.0.0",
        "@pondoknusa/views": "3.0.0"
      },
      "engines": {
        "node": ">=26"
      }
    },
    "node_modules/@pondoknusa/notifications": {
      "version": "3.0.0",
      "resolved": "https://registry.npmjs.org/@pondoknusa/notifications/-/notifications-3.0.0.tgz",
      "integrity": "sha512-rxkqFlnSZEdnqmsEDYWdQQNZGp3nWpVcPgG0q2b0N6FXfMTPhes9Gak4RMnvKInI8wAw4ki2yl49JYXc6EFegg==",
      "license": "MIT",
      "dependencies": {
        "@pondoknusa/broadcasting": "3.0.0",
        "@pondoknusa/database": "3.0.0",
        "@pondoknusa/mail": "3.0.0",
        "@pondoknusa/queue": "3.0.0"
      },
      "engines": {
        "node": ">=26"
      }
    },
    "node_modules/@pondoknusa/queue": {
      "version": "3.0.0",
      "resolved": "https://registry.npmjs.org/@pondoknusa/queue/-/queue-3.0.0.tgz",
      "integrity": "sha512-tFgxKGr+eb5VSAhJky51kdYqExVFoTLEz8lbuE8ld9YMc8heiCvIhWpIyIHDAp380oNSb+wyg3lb+OxOVJH8zA==",
      "license": "MIT",
      "dependencies": {
        "@pondoknusa/cache": "3.0.0",
        "@pondoknusa/container": "3.0.0",
        "@pondoknusa/database": "3.0.0",
        "@pondoknusa/redis": "3.0.0"
      },
      "engines": {
        "node": ">=26"
      }
    },
    "node_modules/@pondoknusa/redis": {
      "version": "3.0.0",
      "resolved": "https://registry.npmjs.org/@pondoknusa/redis/-/redis-3.0.0.tgz",
      "integrity": "sha512-+kmzWWq6LXKwX/CAdSTbpEvKjfwcsByHGI/i2oynzb4m9LGDLIB2DdtwJ9deboWX681Qn20VzeV74rMmlR1bQg==",
      "license": "MIT",
      "engines": {
        "node": ">=26"
      }
    },
    "node_modules/@pondoknusa/storage": {
      "version": "3.0.0",
      "resolved": "https://registry.npmjs.org/@pondoknusa/storage/-/storage-3.0.0.tgz",
      "integrity": "sha512-O2mc9aySfme05J+2+0mt5DN40AKZ1HSSmPDPkJUAxK4+SQN6eforPXl6i4iSNxjAH8cYLfSlrPdr8/Af9qpZCw==",
      "license": "MIT",
      "engines": {
        "node": ">=26"
      }
    },
    "node_modules/@pondoknusa/support": {
      "version": "3.0.0",
      "resolved": "https://registry.npmjs.org/@pondoknusa/support/-/support-3.0.0.tgz",
      "integrity": "sha512-HuN95dKZwZCZff9MQLCDI1pcNApf5/YYOd2+PUAUIvll3JfJtpo6iu3qh1HTeMhyWMllolZNG4RQnlk2hl1Rtg==",
      "license": "MIT",
      "dependencies": {
        "@pondoknusa/collection": "3.0.0"
      },
      "engines": {
        "node": ">=26"
      }
    },
    "node_modules/@pondoknusa/validation": {
      "version": "3.0.0",
      "resolved": "https://registry.npmjs.org/@pondoknusa/validation/-/validation-3.0.0.tgz",
      "integrity": "sha512-ruKnUrosGsn0Bbfr7wjF5y/v9iB2KW1x+OnrveJyIcIGJyLcEjdu0LK9MveBotxfIeXwzCvDQpNJmPirwuUxmw==",
      "license": "MIT",
      "dependencies": {
        "@pondoknusa/http": "3.0.0",
        "@pondoknusa/support": "3.0.0"
      },
      "engines": {
        "node": ">=26"
      }
    },
    "node_modules/@pondoknusa/views": {
      "version": "3.0.0",
      "resolved": "https://registry.npmjs.org/@pondoknusa/views/-/views-3.0.0.tgz",
      "integrity": "sha512-Fu51oh9Zf6luhdxgs7o2e3TXNJylrI7/w5L7KlJOTRx6fmUXzCjpQFE2QdhMQjf81bx3/QGoAD+ndb296uMomw==",
      "license": "MIT",
      "dependencies": {
        "@pondoknusa/locale": "3.0.0",
        "@pondoknusa/support": "3.0.0"
      },
      "engines": {
        "node": ">=26"
      }
    },
    "node_modules/@types/node": {
      "version": "26.1.1",
      "resolved": "https://registry.npmjs.org/@types/node/-/node-26.1.1.tgz",
      "integrity": "sha512-nxAkRSVkN1Y0JC1W8ky/fTfkGsMmcrRsbx+3XoZE+rMOX71kLYTV7fLXpqud1GpbpP5TuffXFqfX7fH2GgZREw==",
      "dev": true,
      "license": "MIT",
      "dependencies": {
        "undici-types": "~8.3.0"
      }
    },
    "node_modules/marked": {
      "version": "15.0.12",
      "resolved": "https://registry.npmjs.org/marked/-/marked-15.0.12.tgz",
      "integrity": "sha512-8dD6FusOQSrpv9Z1rdNMdlSgQOIP880DHqnohobOmYLElGEqAL/JvxvuxZO16r4HtjTlfPRDC1hbvxC9dPN2nA==",
      "license": "MIT",
      "bin": {
        "marked": "bin/marked.js"
      },
      "engines": {
        "node": ">= 18"
      }
    },
    "node_modules/typescript": {
      "version": "6.0.3",
      "resolved": "https://registry.npmjs.org/typescript/-/typescript-6.0.3.tgz",
      "integrity": "sha512-y2TvuxSZPDyQakkFRPZHKFm+KKVqIisdg9/CZwm9ftvKXLP8NRWj38/ODjNbr43SsoXqNuAisEf1GdCxqWcdBw==",
      "dev": true,
      "license": "Apache-2.0",
      "bin": {
        "tsc": "bin/tsc",
        "tsserver": "bin/tsserver"
      },
      "engines": {
        "node": ">=14.17"
      }
    },
    "node_modules/undici-types": {
      "version": "8.3.0",
      "resolved": "https://registry.npmjs.org/undici-types/-/undici-types-8.3.0.tgz",
      "integrity": "sha512-j375ScV60dom+YkPFIfTLcOiPxkN/buHz5GobjLhixFuANaNs3C9l4GmrWqejgXWJ7BbJcFYpTEUkS1Ge8bpZQ==",
      "dev": true,
      "license": "MIT"
    }
  }
}
