{
  "name": "rontal",
  "version": "0.2.0",
  "lockfileVersion": 3,
  "requires": true,
  "packages": {
    "": {
      "name": "rontal",
      "version": "0.2.0",
      "license": "MIT",
      "dependencies": {
        "@pondoknusa/core": "^4.0.1",
        "@pondoknusa/database": "^4.0.1",
        "@pondoknusa/http": "^4.0.1",
        "@pondoknusa/support": "^4.0.1",
        "@pondoknusa/validation": "^4.0.1",
        "marked": "^15.0.0"
      },
      "devDependencies": {
        "@types/node": "^26.0.1",
        "typescript": "^6.0.3"
      },
      "engines": {
        "node": ">=26"
      }
    },
    "node_modules/@pondoknusa/auth": {
      "version": "4.0.1",
      "resolved": "https://registry.npmjs.org/@pondoknusa/auth/-/auth-4.0.1.tgz",
      "integrity": "sha512-pAo3BtkMXuvvUQWaAa4R6lUcz3nc+4Ua14SS+B0IsCx35pnlcUwoR8AsUWooVEVcICOj3a5u8p8DRFCASc4eXw==",
      "license": "MIT",
      "dependencies": {
        "@pondoknusa/container": "4.0.1",
        "@pondoknusa/crypto": "4.0.1",
        "@pondoknusa/http": "4.0.1",
        "@pondoknusa/redis": "4.0.1"
      },
      "engines": {
        "node": ">=26"
      },
      "peerDependencies": {
        "@pondoknusa/database": "^4.0.1"
      }
    },
    "node_modules/@pondoknusa/broadcasting": {
      "version": "4.0.1",
      "resolved": "https://registry.npmjs.org/@pondoknusa/broadcasting/-/broadcasting-4.0.1.tgz",
      "integrity": "sha512-BVmWXxznojHzN5cVjsju1qe4ZnN1/YgFk8xzCWmA1cnwM37MkBIxp55fdVBX89UMO3NgtRpKT4CGzDU8YVkvug==",
      "license": "MIT",
      "dependencies": {
        "@pondoknusa/container": "4.0.1",
        "@pondoknusa/events": "4.0.1",
        "@pondoknusa/queue": "4.0.1"
      },
      "engines": {
        "node": ">=26"
      }
    },
    "node_modules/@pondoknusa/cache": {
      "version": "4.0.1",
      "resolved": "https://registry.npmjs.org/@pondoknusa/cache/-/cache-4.0.1.tgz",
      "integrity": "sha512-xlvXj9Vodl6DGLxZ2qn6qQJ7AHDGEbSsv622M6//QHCP8aNiTVBBiA1fI1mgw04RCf4gg9JDqkXDyJxEz2so9A==",
      "license": "MIT",
      "dependencies": {
        "@pondoknusa/redis": "4.0.1"
      },
      "engines": {
        "node": ">=26"
      }
    },
    "node_modules/@pondoknusa/collection": {
      "version": "4.0.1",
      "resolved": "https://registry.npmjs.org/@pondoknusa/collection/-/collection-4.0.1.tgz",
      "integrity": "sha512-rPNH6rKjZVAvTuHTRG8r3JRkFsRorrPdEG1ovgnGlZSYyqHYEHqGFAWk80EUiHPSUqREGOd8UuLuntW1UUT1xA==",
      "license": "MIT",
      "engines": {
        "node": ">=26"
      }
    },
    "node_modules/@pondoknusa/config": {
      "version": "4.0.1",
      "resolved": "https://registry.npmjs.org/@pondoknusa/config/-/config-4.0.1.tgz",
      "integrity": "sha512-VXAbEFeme9HNRNCoohkzAlmpZg0i2lW4/eu0yuXiBlCT+n/Pz6JIgIhxraK6doK6DzQfRbYCSWxYGfz9pn83ug==",
      "license": "MIT",
      "engines": {
        "node": ">=26"
      }
    },
    "node_modules/@pondoknusa/container": {
      "version": "4.0.1",
      "resolved": "https://registry.npmjs.org/@pondoknusa/container/-/container-4.0.1.tgz",
      "integrity": "sha512-Ej0MmiMqj+wcWibiQilmGeEZ2lOTMT14zlUq9E+erZCiwBYEGqnDM6PtusNbTHrD2ydZAR6JHpdmA7XJ5o+H2w==",
      "license": "MIT",
      "engines": {
        "node": ">=26"
      }
    },
    "node_modules/@pondoknusa/core": {
      "version": "4.0.1",
      "resolved": "https://registry.npmjs.org/@pondoknusa/core/-/core-4.0.1.tgz",
      "integrity": "sha512-fV1iJmhHlUT79lZIK9ACAq6EEVS5L1NXWC/YxRI0dVGV1TVigJZoKNuUfS8/8itv66NvnyXXXRDve1G8qyJaOg==",
      "license": "MIT",
      "dependencies": {
        "@pondoknusa/auth": "4.0.1",
        "@pondoknusa/broadcasting": "4.0.1",
        "@pondoknusa/cache": "4.0.1",
        "@pondoknusa/config": "4.0.1",
        "@pondoknusa/container": "4.0.1",
        "@pondoknusa/crypto": "4.0.1",
        "@pondoknusa/events": "4.0.1",
        "@pondoknusa/http": "4.0.1",
        "@pondoknusa/locale": "4.0.1",
        "@pondoknusa/log": "4.0.1",
        "@pondoknusa/mail": "4.0.1",
        "@pondoknusa/notifications": "4.0.1",
        "@pondoknusa/queue": "4.0.1",
        "@pondoknusa/redis": "4.0.1",
        "@pondoknusa/validation": "4.0.1",
        "@pondoknusa/views": "4.0.1"
      },
      "engines": {
        "node": ">=26"
      },
      "peerDependencies": {
        "@pondoknusa/database": "^4.0.1",
        "@pondoknusa/storage": "^4.0.1"
      }
    },
    "node_modules/@pondoknusa/crypto": {
      "version": "4.0.1",
      "resolved": "https://registry.npmjs.org/@pondoknusa/crypto/-/crypto-4.0.1.tgz",
      "integrity": "sha512-h72u/L0M9aek3wIv/Ns12K63DQhi9MCFpBirHUfpS/2ckhDNWl7NJJaG+Md3Ba+YhH36YMRp0KYr44p4omIqYQ==",
      "license": "MIT",
      "engines": {
        "node": ">=26"
      }
    },
    "node_modules/@pondoknusa/database": {
      "version": "4.0.1",
      "resolved": "https://registry.npmjs.org/@pondoknusa/database/-/database-4.0.1.tgz",
      "integrity": "sha512-TbVebx7NalNKPuMS570jbZ3fQdWQnsncxtGKOTJmalXZp7YV9UYQ3Nbf+RaQEBnOCG/mtlIMBHI3k67vBZle8w==",
      "license": "MIT",
      "dependencies": {
        "@pondoknusa/support": "4.0.1"
      },
      "engines": {
        "node": ">=26"
      }
    },
    "node_modules/@pondoknusa/events": {
      "version": "4.0.1",
      "resolved": "https://registry.npmjs.org/@pondoknusa/events/-/events-4.0.1.tgz",
      "integrity": "sha512-jykMjsU8ukJXmyrmqtz+DxZwyWk3tnRd2yleuZ1LdQfxIQINxRq5N0CVfo3LIVGGm0HR6RcwS1yUTt9bse/XMw==",
      "license": "MIT",
      "dependencies": {
        "@pondoknusa/container": "4.0.1",
        "@pondoknusa/queue": "4.0.1"
      },
      "engines": {
        "node": ">=26"
      }
    },
    "node_modules/@pondoknusa/http": {
      "version": "4.0.1",
      "resolved": "https://registry.npmjs.org/@pondoknusa/http/-/http-4.0.1.tgz",
      "integrity": "sha512-lJmFAY8uhc15Cyum4D80AehNxW5dnxRk3e6d0wARnhiYMj4C0Ig2Pp+eogGtVvxbk3onWkj4WD52FLjRqlRsHg==",
      "license": "MIT",
      "engines": {
        "node": ">=26"
      }
    },
    "node_modules/@pondoknusa/locale": {
      "version": "4.0.1",
      "resolved": "https://registry.npmjs.org/@pondoknusa/locale/-/locale-4.0.1.tgz",
      "integrity": "sha512-nGDucsV2z7/8twfV7PuxeyqH+ZY9+Qo3Xzwge90mkJKhDgM2l2c+oPqtNgCTM7/NB6G4Y8uJ+gGh+oqRNLTrvQ==",
      "license": "MIT",
      "dependencies": {
        "@pondoknusa/http": "4.0.1"
      },
      "engines": {
        "node": ">=26"
      }
    },
    "node_modules/@pondoknusa/log": {
      "version": "4.0.1",
      "resolved": "https://registry.npmjs.org/@pondoknusa/log/-/log-4.0.1.tgz",
      "integrity": "sha512-KOlchW8RQNgFk3EhCujbDMw+etboTwwg1/kX+BeuG1/u/a7kQpCHP6xgHtkNm3Ppk3EW/7VtTbUcg5Uc2ONBuA==",
      "license": "MIT",
      "dependencies": {
        "@pondoknusa/support": "4.0.1"
      },
      "engines": {
        "node": ">=26"
      }
    },
    "node_modules/@pondoknusa/mail": {
      "version": "4.0.1",
      "resolved": "https://registry.npmjs.org/@pondoknusa/mail/-/mail-4.0.1.tgz",
      "integrity": "sha512-61DLBRkft2YqNhbKu6U/ZW2yQWyY2duEWvStI1OL2FWrDF9IJtm+QI11mPlp/DJnl/eMNIhIdeJywxb0vyP76w==",
      "license": "MIT",
      "dependencies": {
        "@pondoknusa/queue": "4.0.1",
        "@pondoknusa/views": "4.0.1"
      },
      "engines": {
        "node": ">=26"
      }
    },
    "node_modules/@pondoknusa/notifications": {
      "version": "4.0.1",
      "resolved": "https://registry.npmjs.org/@pondoknusa/notifications/-/notifications-4.0.1.tgz",
      "integrity": "sha512-Ai+azPlAkgIg8y10gqxACXlm2NfJaEDsZPUm0wA4ZzdHgNAn4Y5qgJ/V1hbt8VdvSpd7GnrU5H7uuBebAfOrDQ==",
      "license": "MIT",
      "dependencies": {
        "@pondoknusa/broadcasting": "4.0.1",
        "@pondoknusa/mail": "4.0.1",
        "@pondoknusa/queue": "4.0.1"
      },
      "engines": {
        "node": ">=26"
      },
      "peerDependencies": {
        "@pondoknusa/database": "^4.0.1"
      }
    },
    "node_modules/@pondoknusa/queue": {
      "version": "4.0.1",
      "resolved": "https://registry.npmjs.org/@pondoknusa/queue/-/queue-4.0.1.tgz",
      "integrity": "sha512-8vFwlsug5tBGcFbaG3sT8Ip7Ot/3gNdO0QslyrmuTryGynq2jZSmu4vAyUHiqxdUhWf+nNZAkXMQ9MQXmV30Zw==",
      "license": "MIT",
      "dependencies": {
        "@pondoknusa/cache": "4.0.1",
        "@pondoknusa/container": "4.0.1",
        "@pondoknusa/redis": "4.0.1"
      },
      "engines": {
        "node": ">=26"
      },
      "peerDependencies": {
        "@pondoknusa/database": "^4.0.1"
      }
    },
    "node_modules/@pondoknusa/redis": {
      "version": "4.0.1",
      "resolved": "https://registry.npmjs.org/@pondoknusa/redis/-/redis-4.0.1.tgz",
      "integrity": "sha512-cT6ZA1Tpz5/BRxHVD15HQMHwxC5tsMlFPrmlgI2V1OAH0hWTYh+bn+SJ8+kLRopaFJyY3DDNFBWJNWN0M7wmZg==",
      "license": "MIT",
      "engines": {
        "node": ">=26"
      }
    },
    "node_modules/@pondoknusa/storage": {
      "version": "4.0.1",
      "resolved": "https://registry.npmjs.org/@pondoknusa/storage/-/storage-4.0.1.tgz",
      "integrity": "sha512-hrjhKRRTce47wzRJvu62o6gsugRAcJTuqTqFVpDyLy4wnMZImO33Rg2onDaAocqd4A5MO9of9APn+tH3Wz+LKQ==",
      "license": "MIT",
      "peer": true,
      "engines": {
        "node": ">=26"
      }
    },
    "node_modules/@pondoknusa/support": {
      "version": "4.0.1",
      "resolved": "https://registry.npmjs.org/@pondoknusa/support/-/support-4.0.1.tgz",
      "integrity": "sha512-8UNTQMrC5zOd4QxX59L4QIV9j2fg0tigqWFt8zc527GBbxlI+X3pkVM02ersKDuGt5huGim6ESC+MmdXm71N8Q==",
      "license": "MIT",
      "dependencies": {
        "@pondoknusa/collection": "4.0.1"
      },
      "engines": {
        "node": ">=26"
      }
    },
    "node_modules/@pondoknusa/validation": {
      "version": "4.0.1",
      "resolved": "https://registry.npmjs.org/@pondoknusa/validation/-/validation-4.0.1.tgz",
      "integrity": "sha512-PT/4dPHUpaK+uxqkrwApwlHO4sInbKxiSFHzy1BNJ5Yw4NLAA2Rj2rsv9HfWxSzQi55nJKFffExSPuX/CZHHtg==",
      "license": "MIT",
      "dependencies": {
        "@pondoknusa/http": "4.0.1",
        "@pondoknusa/support": "4.0.1"
      },
      "engines": {
        "node": ">=26"
      }
    },
    "node_modules/@pondoknusa/views": {
      "version": "4.0.1",
      "resolved": "https://registry.npmjs.org/@pondoknusa/views/-/views-4.0.1.tgz",
      "integrity": "sha512-FFXLFhNzv5PlznxnkCaoNs3nKj7Y+e4Z0APQK5WMwHAUZUN/lt7tBtNwpnZRerwx7kesvMaexDMwdXDQ2YIo1A==",
      "license": "MIT",
      "dependencies": {
        "@pondoknusa/locale": "4.0.1",
        "@pondoknusa/support": "4.0.1"
      },
      "engines": {
        "node": ">=26"
      }
    },
    "node_modules/@types/node": {
      "version": "26.1.1",
      "resolved": "https://registry.npmjs.org/@types/node/-/node-26.1.1.tgz",
      "integrity": "sha512-nxAkRSVkN1Y0JC1W8ky/fTfkGsMmcrRsbx+3XoZE+rMOX71kLYTV7fLXpqud1GpbpP5TuffXFqfX7fH2GgZREw==",
      "dev": true,
      "license": "MIT",
      "dependencies": {
        "undici-types": "~8.3.0"
      }
    },
    "node_modules/marked": {
      "version": "15.0.12",
      "resolved": "https://registry.npmjs.org/marked/-/marked-15.0.12.tgz",
      "integrity": "sha512-8dD6FusOQSrpv9Z1rdNMdlSgQOIP880DHqnohobOmYLElGEqAL/JvxvuxZO16r4HtjTlfPRDC1hbvxC9dPN2nA==",
      "license": "MIT",
      "bin": {
        "marked": "bin/marked.js"
      },
      "engines": {
        "node": ">= 18"
      }
    },
    "node_modules/typescript": {
      "version": "6.0.3",
      "resolved": "https://registry.npmjs.org/typescript/-/typescript-6.0.3.tgz",
      "integrity": "sha512-y2TvuxSZPDyQakkFRPZHKFm+KKVqIisdg9/CZwm9ftvKXLP8NRWj38/ODjNbr43SsoXqNuAisEf1GdCxqWcdBw==",
      "dev": true,
      "license": "Apache-2.0",
      "bin": {
        "tsc": "bin/tsc",
        "tsserver": "bin/tsserver"
      },
      "engines": {
        "node": ">=14.17"
      }
    },
    "node_modules/undici-types": {
      "version": "8.3.0",
      "resolved": "https://registry.npmjs.org/undici-types/-/undici-types-8.3.0.tgz",
      "integrity": "sha512-j375ScV60dom+YkPFIfTLcOiPxkN/buHz5GobjLhixFuANaNs3C9l4GmrWqejgXWJ7BbJcFYpTEUkS1Ge8bpZQ==",
      "dev": true,
      "license": "MIT"
    }
  }
}
